
Microsoft Visual Studio Solution File, Format Version 12.00
# Visual Studio Version 16
VisualStudioVersion = 16.0.810.8
MinimumVisualStudioVersion = 10.0.40219.1
Project("{FAE04EC0-301F-11D3-BF4B-00C04F79EFBC}") = "Test_Dikt", "Test_Dikt\Test_Dikt.csproj", "{6146D7E4-486C-42CD-B0F6-FCAD8DBA1F27}"
EndProject
Global
	GlobalSection(SolutionConfigurationPlatforms) = preSolution
		Debug|anycpu = Debug|anycpu
		Release|anycpu = Release|anycpu
	EndGlobalSection
	GlobalSection(ProjectConfigurationPlatforms) = postSolution
		{6146D7E4-486C-42CD-B0F6-FCAD8DBA1F27}.Debug|anycpu.ActiveCfg = Debug|anycpu
		{6146D7E4-486C-42CD-B0F6-FCAD8DBA1F27}.Debug|anycpu.Build.0 = Debug|anycpu
		{6146D7E4-486C-42CD-B0F6-FCAD8DBA1F27}.Release|anycpu.ActiveCfg = Release|anycpu
		{6146D7E4-486C-42CD-B0F6-FCAD8DBA1F27}.Release|anycpu.Build.0 = Release|anycpu
	EndGlobalSection
	GlobalSection(SolutionProperties) = preSolution
		HideSolutionNode = FALSE
	EndGlobalSection
	GlobalSection(ExtensibilityGlobals) = postSolution
		SolutionGuid = {381BFEF1-B5C1-451F-81B6-F452B991B3D1}
	EndGlobalSection
EndGlobal
