
Microsoft Visual Studio Solution File, Format Version 12.00
# Visual Studio Version 16
VisualStudioVersion = 16.0.810.16
MinimumVisualStudioVersion = 10.0.40219.1
Project("{FAE04EC0-301F-11D3-BF4B-00C04F79EFBC}") = "TestPerezagruzka", "TestPerezagruzka\TestPerezagruzka.csproj", "{E23A6879-D244-4933-9375-D6DDD63D666E}"
EndProject
Global
	GlobalSection(SolutionConfigurationPlatforms) = preSolution
		Debug|anycpu = Debug|anycpu
		Release|anycpu = Release|anycpu
	EndGlobalSection
	GlobalSection(ProjectConfigurationPlatforms) = postSolution
		{E23A6879-D244-4933-9375-D6DDD63D666E}.Debug|anycpu.ActiveCfg = Debug|anycpu
		{E23A6879-D244-4933-9375-D6DDD63D666E}.Debug|anycpu.Build.0 = Debug|anycpu
		{E23A6879-D244-4933-9375-D6DDD63D666E}.Release|anycpu.ActiveCfg = Release|anycpu
		{E23A6879-D244-4933-9375-D6DDD63D666E}.Release|anycpu.Build.0 = Release|anycpu
	EndGlobalSection
	GlobalSection(SolutionProperties) = preSolution
		HideSolutionNode = FALSE
	EndGlobalSection
	GlobalSection(ExtensibilityGlobals) = postSolution
		SolutionGuid = {8CBA46B0-8BB3-4D1B-AC1D-E613C8966B2D}
	EndGlobalSection
EndGlobal
