
Microsoft Visual Studio Solution File, Format Version 12.00
# Visual Studio Version 16
VisualStudioVersion = 16.0.810.8
MinimumVisualStudioVersion = 10.0.40219.1
Project("{FAE04EC0-301F-11D3-BF4B-00C04F79EFBC}") = "TestForeach", "TestForeach\TestForeach.csproj", "{92634F1B-C7D1-47EE-A156-742757772700}"
EndProject
Global
	GlobalSection(SolutionConfigurationPlatforms) = preSolution
		Debug|anycpu = Debug|anycpu
		Release|anycpu = Release|anycpu
	EndGlobalSection
	GlobalSection(ProjectConfigurationPlatforms) = postSolution
		{92634F1B-C7D1-47EE-A156-742757772700}.Debug|anycpu.ActiveCfg = Debug|anycpu
		{92634F1B-C7D1-47EE-A156-742757772700}.Debug|anycpu.Build.0 = Debug|anycpu
		{92634F1B-C7D1-47EE-A156-742757772700}.Release|anycpu.ActiveCfg = Release|anycpu
		{92634F1B-C7D1-47EE-A156-742757772700}.Release|anycpu.Build.0 = Release|anycpu
	EndGlobalSection
	GlobalSection(SolutionProperties) = preSolution
		HideSolutionNode = FALSE
	EndGlobalSection
	GlobalSection(ExtensibilityGlobals) = postSolution
		SolutionGuid = {73D8B876-7C3F-40DE-A48D-F352C2DC33A6}
	EndGlobalSection
EndGlobal
